
Microsoft Visual Studio Solution File, Format Version 12.00
# Visual Studio Version 17
VisualStudioVersion = 17.11.35431.28
MinimumVisualStudioVersion = 10.0.40219.1
Project("{888888A0-9F3D-457C-B088-3A5042F75D52}") = "StairSO", "R:\StairSO\StairSO.pyproj", "{006DFD5A-1D86-407F-AD54-E616BF6BCE44}"
EndProject
Global
	GlobalSection(SolutionConfigurationPlatforms) = preSolution
		Debug|Any CPU = Debug|Any CPU
		Release|Any CPU = Release|Any CPU
	EndGlobalSection
	GlobalSection(ProjectConfigurationPlatforms) = postSolution
		{006DFD5A-1D86-407F-AD54-E616BF6BCE44}.Debug|Any CPU.ActiveCfg = Debug|Any CPU
		{006DFD5A-1D86-407F-AD54-E616BF6BCE44}.Release|Any CPU.ActiveCfg = Release|Any CPU
	EndGlobalSection
	GlobalSection(SolutionProperties) = preSolution
		HideSolutionNode = FALSE
	EndGlobalSection
	GlobalSection(ExtensibilityGlobals) = postSolution
		SolutionGuid = {6A4BD469-3CAD-4490-83FB-731ACA6A5907}
	EndGlobalSection
EndGlobal
